
Microsoft Visual Studio Solution File, Format Version 12.00
# Visual Studio 15
Project("{FAE04EC0-301F-11D3-BF4B-00C04F79EFBC}") = "Assembly-CSharp", "Assembly-CSharp.csproj", "{A1BA3D9F-35A1-7036-77A1-197D086B053A}"
EndProject
Project("{FAE04EC0-301F-11D3-BF4B-00C04F79EFBC}") = "Assembly-CSharp-Editor", "Assembly-CSharp-Editor.csproj", "{3DC665ED-AE1D-6C7B-1C85-3BCF60CB4FAC}"
EndProject
Global
	GlobalSection(SolutionConfigurationPlatforms) = preSolution
		Debug|Any CPU = Debug|Any CPU
		Release|Any CPU = Release|Any CPU
	EndGlobalSection
	GlobalSection(ProjectConfigurationPlatforms) = postSolution
		{A1BA3D9F-35A1-7036-77A1-197D086B053A}.Debug|Any CPU.ActiveCfg = Debug|Any CPU
		{A1BA3D9F-35A1-7036-77A1-197D086B053A}.Debug|Any CPU.Build.0 = Debug|Any CPU
		{A1BA3D9F-35A1-7036-77A1-197D086B053A}.Release|Any CPU.ActiveCfg = Release|Any CPU
		{A1BA3D9F-35A1-7036-77A1-197D086B053A}.Release|Any CPU.Build.0 = Release|Any CPU
		{3DC665ED-AE1D-6C7B-1C85-3BCF60CB4FAC}.Debug|Any CPU.ActiveCfg = Debug|Any CPU
		{3DC665ED-AE1D-6C7B-1C85-3BCF60CB4FAC}.Debug|Any CPU.Build.0 = Debug|Any CPU
		{3DC665ED-AE1D-6C7B-1C85-3BCF60CB4FAC}.Release|Any CPU.ActiveCfg = Release|Any CPU
		{3DC665ED-AE1D-6C7B-1C85-3BCF60CB4FAC}.Release|Any CPU.Build.0 = Release|Any CPU
	EndGlobalSection
	GlobalSection(SolutionProperties) = preSolution
		HideSolutionNode = FALSE
	EndGlobalSection
EndGlobal
